// !$*UTF8*$!
{
	archiveVersion = 1;
	classes = {
	};
	objectVersion = 56;
	objects = {

/* Begin PBXBuildFile section */
		77073D392B96B92400570C33 /* Villagers.swift in Sources */ = {isa = PBXBuildFile; fileRef = 77073D382B96B92400570C33 /* Villagers.swift */; };
		771A9F842B8D88F7009D35E2 /* CharacterStats.swift in Sources */ = {isa = PBXBuildFile; fileRef = 771A9F832B8D88F7009D35E2 /* CharacterStats.swift */; };
		77574B3F2B93F786009CF89A /* Villager View.xib in Resources */ = {isa = PBXBuildFile; fileRef = 77574B3E2B93F786009CF89A /* Villager View.xib */; };
		77574B412B93F7DD009CF89A /* Villager View.swift in Sources */ = {isa = PBXBuildFile; fileRef = 77574B402B93F7DD009CF89A /* Villager View.swift */; };
		77DB726C2B8AD47C00E410A2 /* AppDelegate.swift in Sources */ = {isa = PBXBuildFile; fileRef = 77DB726B2B8AD47C00E410A2 /* AppDelegate.swift */; };
		77DB726E2B8AD47C00E410A2 /* SceneDelegate.swift in Sources */ = {isa = PBXBuildFile; fileRef = 77DB726D2B8AD47C00E410A2 /* SceneDelegate.swift */; };
		77DB72702B8AD47C00E410A2 /* BattleViewController.swift in Sources */ = {isa = PBXBuildFile; fileRef = 77DB726F2B8AD47C00E410A2 /* BattleViewController.swift */; };
		77DB72732B8AD47C00E410A2 /* Main.storyboard in Resources */ = {isa = PBXBuildFile; fileRef = 77DB72712B8AD47C00E410A2 /* Main.storyboard */; };
		77DB72752B8AD47D00E410A2 /* Assets.xcassets in Resources */ = {isa = PBXBuildFile; fileRef = 77DB72742B8AD47D00E410A2 /* Assets.xcassets */; };
		77DB72782B8AD47D00E410A2 /* LaunchScreen.storyboard in Resources */ = {isa = PBXBuildFile; fileRef = 77DB72762B8AD47D00E410A2 /* LaunchScreen.storyboard */; };
		77DB72822B8BCDA300E410A2 /* Character.swift in Sources */ = {isa = PBXBuildFile; fileRef = 77DB72812B8BCDA300E410A2 /* Character.swift */; };
		77DB72842B8BCE5200E410A2 /* Hero.swift in Sources */ = {isa = PBXBuildFile; fileRef = 77DB72832B8BCE5200E410A2 /* Hero.swift */; };
		77DB72872B8BD05200E410A2 /* Dragon.swift in Sources */ = {isa = PBXBuildFile; fileRef = 77DB72862B8BD05200E410A2 /* Dragon.swift */; };
		77DB72892B8BD09C00E410A2 /* Action.swift in Sources */ = {isa = PBXBuildFile; fileRef = 77DB72882B8BD09C00E410A2 /* Action.swift */; };
		77DB728C2B8BD22400E410A2 /* Villain.swift in Sources */ = {isa = PBXBuildFile; fileRef = 77DB728B2B8BD22400E410A2 /* Villain.swift */; };
		77DB728E2B8BD4C600E410A2 /* Attack.swift in Sources */ = {isa = PBXBuildFile; fileRef = 77DB728D2B8BD4C600E410A2 /* Attack.swift */; };
		77DB72922B8BE28300E410A2 /* Actions List.swift in Sources */ = {isa = PBXBuildFile; fileRef = 77DB72912B8BE28300E410A2 /* Actions List.swift */; };
		77DB72952B8BEB5600E410A2 /* BattleManager.swift in Sources */ = {isa = PBXBuildFile; fileRef = 77DB72942B8BEB5600E410A2 /* BattleManager.swift */; };
		77DB72972B8BF12900E410A2 /* Guardian.swift in Sources */ = {isa = PBXBuildFile; fileRef = 77DB72962B8BF12900E410A2 /* Guardian.swift */; };
		77DB729B2B8C474500E410A2 /* LittleDragon.swift in Sources */ = {isa = PBXBuildFile; fileRef = 77DB729A2B8C474500E410A2 /* LittleDragon.swift */; };
		77DB729F2B8C4D6200E410A2 /* CallToAction.swift in Sources */ = {isa = PBXBuildFile; fileRef = 77DB729E2B8C4D6200E410A2 /* CallToAction.swift */; };
		77DB72A12B8C53AB00E410A2 /* Magic.swift in Sources */ = {isa = PBXBuildFile; fileRef = 77DB72A02B8C53AB00E410A2 /* Magic.swift */; };
		77EF7FB22B92215C0037D21C /* BigDragon.swift in Sources */ = {isa = PBXBuildFile; fileRef = 77EF7FB12B92215C0037D21C /* BigDragon.swift */; };
		77F726432B904182008C3495 /* Character View.xib in Resources */ = {isa = PBXBuildFile; fileRef = 77F726422B904182008C3495 /* Character View.xib */; };
		77F726472B904206008C3495 /* Character View.swift in Sources */ = {isa = PBXBuildFile; fileRef = 77F726462B904206008C3495 /* Character View.swift */; };
/* End PBXBuildFile section */

/* Begin PBXFileReference section */
		77073D382B96B92400570C33 /* Villagers.swift */ = {isa = PBXFileReference; lastKnownFileType = sourcecode.swift; path = Villagers.swift; sourceTree = "<group>"; };
		771A9F832B8D88F7009D35E2 /* CharacterStats.swift */ = {isa = PBXFileReference; lastKnownFileType = sourcecode.swift; path = CharacterStats.swift; sourceTree = "<group>"; };
		77574B3E2B93F786009CF89A /* Villager View.xib */ = {isa = PBXFileReference; lastKnownFileType = file.xib; path = "Villager View.xib"; sourceTree = "<group>"; };
		77574B402B93F7DD009CF89A /* Villager View.swift */ = {isa = PBXFileReference; lastKnownFileType = sourcecode.swift; path = "Villager View.swift"; sourceTree = "<group>"; };
		77DB72682B8AD47C00E410A2 /* Dragon Guardian.app */ = {isa = PBXFileReference; explicitFileType = wrapper.application; includeInIndex = 0; path = "Dragon Guardian.app"; sourceTree = BUILT_PRODUCTS_DIR; };
		77DB726B2B8AD47C00E410A2 /* AppDelegate.swift */ = {isa = PBXFileReference; lastKnownFileType = sourcecode.swift; path = AppDelegate.swift; sourceTree = "<group>"; };
		77DB726D2B8AD47C00E410A2 /* SceneDelegate.swift */ = {isa = PBXFileReference; lastKnownFileType = sourcecode.swift; path = SceneDelegate.swift; sourceTree = "<group>"; };
		77DB726F2B8AD47C00E410A2 /* BattleViewController.swift */ = {isa = PBXFileReference; lastKnownFileType = sourcecode.swift; path = BattleViewController.swift; sourceTree = "<group>"; };
		77DB72722B8AD47C00E410A2 /* Base */ = {isa = PBXFileReference; lastKnownFileType = file.storyboard; name = Base; path = Base.lproj/Main.storyboard; sourceTree = "<group>"; };
		77DB72742B8AD47D00E410A2 /* Assets.xcassets */ = {isa = PBXFileReference; lastKnownFileType = folder.assetcatalog; path = Assets.xcassets; sourceTree = "<group>"; };
		77DB72772B8AD47D00E410A2 /* Base */ = {isa = PBXFileReference; lastKnownFileType = file.storyboard; name = Base; path = Base.lproj/LaunchScreen.storyboard; sourceTree = "<group>"; };
		77DB72792B8AD47D00E410A2 /* Info.plist */ = {isa = PBXFileReference; lastKnownFileType = text.plist.xml; path = Info.plist; sourceTree = "<group>"; };
		77DB72812B8BCDA300E410A2 /* Character.swift */ = {isa = PBXFileReference; lastKnownFileType = sourcecode.swift; path = Character.swift; sourceTree = "<group>"; };
		77DB72832B8BCE5200E410A2 /* Hero.swift */ = {isa = PBXFileReference; lastKnownFileType = sourcecode.swift; path = Hero.swift; sourceTree = "<group>"; };
		77DB72862B8BD05200E410A2 /* Dragon.swift */ = {isa = PBXFileReference; lastKnownFileType = sourcecode.swift; path = Dragon.swift; sourceTree = "<group>"; };
		77DB72882B8BD09C00E410A2 /* Action.swift */ = {isa = PBXFileReference; lastKnownFileType = sourcecode.swift; path = Action.swift; sourceTree = "<group>"; };
		77DB728B2B8BD22400E410A2 /* Villain.swift */ = {isa = PBXFileReference; lastKnownFileType = sourcecode.swift; path = Villain.swift; sourceTree = "<group>"; };
		77DB728D2B8BD4C600E410A2 /* Attack.swift */ = {isa = PBXFileReference; lastKnownFileType = sourcecode.swift; path = Attack.swift; sourceTree = "<group>"; };
		77DB72912B8BE28300E410A2 /* Actions List.swift */ = {isa = PBXFileReference; lastKnownFileType = sourcecode.swift; path = "Actions List.swift"; sourceTree = "<group>"; };
		77DB72942B8BEB5600E410A2 /* BattleManager.swift */ = {isa = PBXFileReference; lastKnownFileType = sourcecode.swift; path = BattleManager.swift; sourceTree = "<group>"; };
		77DB72962B8BF12900E410A2 /* Guardian.swift */ = {isa = PBXFileReference; lastKnownFileType = sourcecode.swift; path = Guardian.swift; sourceTree = "<group>"; };
		77DB729A2B8C474500E410A2 /* LittleDragon.swift */ = {isa = PBXFileReference; lastKnownFileType = sourcecode.swift; path = LittleDragon.swift; sourceTree = "<group>"; };
		77DB729E2B8C4D6200E410A2 /* CallToAction.swift */ = {isa = PBXFileReference; lastKnownFileType = sourcecode.swift; path = CallToAction.swift; sourceTree = "<group>"; };
		77DB72A02B8C53AB00E410A2 /* Magic.swift */ = {isa = PBXFileReference; lastKnownFileType = sourcecode.swift; path = Magic.swift; sourceTree = "<group>"; };
		77EF7FB12B92215C0037D21C /* BigDragon.swift */ = {isa = PBXFileReference; lastKnownFileType = sourcecode.swift; path = BigDragon.swift; sourceTree = "<group>"; };
		77F726422B904182008C3495 /* Character View.xib */ = {isa = PBXFileReference; lastKnownFileType = file.xib; path = "Character View.xib"; sourceTree = "<group>"; };
		77F726462B904206008C3495 /* Character View.swift */ = {isa = PBXFileReference; lastKnownFileType = sourcecode.swift; path = "Character View.swift"; sourceTree = "<group>"; };
/* End PBXFileReference section */

/* Begin PBXFrameworksBuildPhase section */
		77DB72652B8AD47C00E410A2 /* Frameworks */ = {
			isa = PBXFrameworksBuildPhase;
			buildActionMask = 2147483647;
			files = (
			);
			runOnlyForDeploymentPostprocessing = 0;
		};
/* End PBXFrameworksBuildPhase section */

/* Begin PBXGroup section */
		77CC55EB2B901D070068E5A6 /* Character Views */ = {
			isa = PBXGroup;
			children = (
				77F726422B904182008C3495 /* Character View.xib */,
				77F726462B904206008C3495 /* Character View.swift */,
				77574B3E2B93F786009CF89A /* Villager View.xib */,
				77574B402B93F7DD009CF89A /* Villager View.swift */,
			);
			path = "Character Views";
			sourceTree = "<group>";
		};
		77DB725F2B8AD47C00E410A2 = {
			isa = PBXGroup;
			children = (
				77DB726A2B8AD47C00E410A2 /* Dragon Guardian */,
				77DB72692B8AD47C00E410A2 /* Products */,
			);
			sourceTree = "<group>";
		};
		77DB72692B8AD47C00E410A2 /* Products */ = {
			isa = PBXGroup;
			children = (
				77DB72682B8AD47C00E410A2 /* Dragon Guardian.app */,
			);
			name = Products;
			sourceTree = "<group>";
		};
		77DB726A2B8AD47C00E410A2 /* Dragon Guardian */ = {
			isa = PBXGroup;
			children = (
				77DB726B2B8AD47C00E410A2 /* AppDelegate.swift */,
				77DB726D2B8AD47C00E410A2 /* SceneDelegate.swift */,
				77DB726F2B8AD47C00E410A2 /* BattleViewController.swift */,
				77DB72712B8AD47C00E410A2 /* Main.storyboard */,
				77DB72742B8AD47D00E410A2 /* Assets.xcassets */,
				77DB72762B8AD47D00E410A2 /* LaunchScreen.storyboard */,
				77DB72792B8AD47D00E410A2 /* Info.plist */,
				77DB72A22B8C550000E410A2 /* Battle Manager */,
				77DB728A2B8BD20400E410A2 /* Action Models */,
				77DB72852B8BCE5800E410A2 /* Character Models */,
				77CC55EB2B901D070068E5A6 /* Character Views */,
			);
			path = "Dragon Guardian";
			sourceTree = "<group>";
		};
		77DB72852B8BCE5800E410A2 /* Character Models */ = {
			isa = PBXGroup;
			children = (
				77DB72812B8BCDA300E410A2 /* Character.swift */,
				771A9F832B8D88F7009D35E2 /* CharacterStats.swift */,
				77DB72982B8C466200E410A2 /* Hero Models */,
				77DB72992B8C466D00E410A2 /* Villain Models */,
			);
			path = "Character Models";
			sourceTree = "<group>";
		};
		77DB728A2B8BD20400E410A2 /* Action Models */ = {
			isa = PBXGroup;
			children = (
				77DB72912B8BE28300E410A2 /* Actions List.swift */,
				77DB72882B8BD09C00E410A2 /* Action.swift */,
				77DB728D2B8BD4C600E410A2 /* Attack.swift */,
				77DB729E2B8C4D6200E410A2 /* CallToAction.swift */,
				77DB72A02B8C53AB00E410A2 /* Magic.swift */,
			);
			path = "Action Models";
			sourceTree = "<group>";
		};
		77DB72982B8C466200E410A2 /* Hero Models */ = {
			isa = PBXGroup;
			children = (
				77DB72832B8BCE5200E410A2 /* Hero.swift */,
				77DB72862B8BD05200E410A2 /* Dragon.swift */,
				77DB72962B8BF12900E410A2 /* Guardian.swift */,
				77073D382B96B92400570C33 /* Villagers.swift */,
			);
			path = "Hero Models";
			sourceTree = "<group>";
		};
		77DB72992B8C466D00E410A2 /* Villain Models */ = {
			isa = PBXGroup;
			children = (
				77DB728B2B8BD22400E410A2 /* Villain.swift */,
				77DB729A2B8C474500E410A2 /* LittleDragon.swift */,
				77EF7FB12B92215C0037D21C /* BigDragon.swift */,
			);
			path = "Villain Models";
			sourceTree = "<group>";
		};
		77DB72A22B8C550000E410A2 /* Battle Manager */ = {
			isa = PBXGroup;
			children = (
				77DB72942B8BEB5600E410A2 /* BattleManager.swift */,
			);
			path = "Battle Manager";
			sourceTree = "<group>";
		};
/* End PBXGroup section */

/* Begin PBXNativeTarget section */
		77DB72672B8AD47C00E410A2 /* Dragon Guardian */ = {
			isa = PBXNativeTarget;
			buildConfigurationList = 77DB727C2B8AD47D00E410A2 /* Build configuration list for PBXNativeTarget "Dragon Guardian" */;
			buildPhases = (
				77DB72642B8AD47C00E410A2 /* Sources */,
				77DB72652B8AD47C00E410A2 /* Frameworks */,
				77DB72662B8AD47C00E410A2 /* Resources */,
			);
			buildRules = (
			);
			dependencies = (
			);
			name = "Dragon Guardian";
			productName = "Dragon Guardian";
			productReference = 77DB72682B8AD47C00E410A2 /* Dragon Guardian.app */;
			productType = "com.apple.product-type.application";
		};
/* End PBXNativeTarget section */

/* Begin PBXProject section */
		77DB72602B8AD47C00E410A2 /* Project object */ = {
			isa = PBXProject;
			attributes = {
				BuildIndependentTargetsInParallel = 1;
				LastSwiftUpdateCheck = 1520;
				LastUpgradeCheck = 1520;
				TargetAttributes = {
					77DB72672B8AD47C00E410A2 = {
						CreatedOnToolsVersion = 15.2;
					};
				};
			};
			buildConfigurationList = 77DB72632B8AD47C00E410A2 /* Build configuration list for PBXProject "Dragon Guardian" */;
			compatibilityVersion = "Xcode 14.0";
			developmentRegion = en;
			hasScannedForEncodings = 0;
			knownRegions = (
				en,
				Base,
			);
			mainGroup = 77DB725F2B8AD47C00E410A2;
			productRefGroup = 77DB72692B8AD47C00E410A2 /* Products */;
			projectDirPath = "";
			projectRoot = "";
			targets = (
				77DB72672B8AD47C00E410A2 /* Dragon Guardian */,
			);
		};
/* End PBXProject section */

/* Begin PBXResourcesBuildPhase section */
		77DB72662B8AD47C00E410A2 /* Resources */ = {
			isa = PBXResourcesBuildPhase;
			buildActionMask = 2147483647;
			files = (
				77574B3F2B93F786009CF89A /* Villager View.xib in Resources */,
				77DB72782B8AD47D00E410A2 /* LaunchScreen.storyboard in Resources */,
				77DB72752B8AD47D00E410A2 /* Assets.xcassets in Resources */,
				77DB72732B8AD47C00E410A2 /* Main.storyboard in Resources */,
				77F726432B904182008C3495 /* Character View.xib in Resources */,
			);
			runOnlyForDeploymentPostprocessing = 0;
		};
/* End PBXResourcesBuildPhase section */

/* Begin PBXSourcesBuildPhase section */
		77DB72642B8AD47C00E410A2 /* Sources */ = {
			isa = PBXSourcesBuildPhase;
			buildActionMask = 2147483647;
			files = (
				77DB72842B8BCE5200E410A2 /* Hero.swift in Sources */,
				77574B412B93F7DD009CF89A /* Villager View.swift in Sources */,
				77DB72702B8AD47C00E410A2 /* BattleViewController.swift in Sources */,
				77F726472B904206008C3495 /* Character View.swift in Sources */,
				77DB72872B8BD05200E410A2 /* Dragon.swift in Sources */,
				77DB72952B8BEB5600E410A2 /* BattleManager.swift in Sources */,
				77DB726C2B8AD47C00E410A2 /* AppDelegate.swift in Sources */,
				77DB72892B8BD09C00E410A2 /* Action.swift in Sources */,
				77DB72922B8BE28300E410A2 /* Actions List.swift in Sources */,
				77DB726E2B8AD47C00E410A2 /* SceneDelegate.swift in Sources */,
				77DB729B2B8C474500E410A2 /* LittleDragon.swift in Sources */,
				77073D392B96B92400570C33 /* Villagers.swift in Sources */,
				77DB72972B8BF12900E410A2 /* Guardian.swift in Sources */,
				77DB72822B8BCDA300E410A2 /* Character.swift in Sources */,
				771A9F842B8D88F7009D35E2 /* CharacterStats.swift in Sources */,
				77DB728C2B8BD22400E410A2 /* Villain.swift in Sources */,
				77DB729F2B8C4D6200E410A2 /* CallToAction.swift in Sources */,
				77DB72A12B8C53AB00E410A2 /* Magic.swift in Sources */,
				77DB728E2B8BD4C600E410A2 /* Attack.swift in Sources */,
				77EF7FB22B92215C0037D21C /* BigDragon.swift in Sources */,
			);
			runOnlyForDeploymentPostprocessing = 0;
		};
/* End PBXSourcesBuildPhase section */

/* Begin PBXVariantGroup section */
		77DB72712B8AD47C00E410A2 /* Main.storyboard */ = {
			isa = PBXVariantGroup;
			children = (
				77DB72722B8AD47C00E410A2 /* Base */,
			);
			name = Main.storyboard;
			sourceTree = "<group>";
		};
		77DB72762B8AD47D00E410A2 /* LaunchScreen.storyboard */ = {
			isa = PBXVariantGroup;
			children = (
				77DB72772B8AD47D00E410A2 /* Base */,
			);
			name = LaunchScreen.storyboard;
			sourceTree = "<group>";
		};
/* End PBXVariantGroup section */

/* Begin XCBuildConfiguration section */
		77DB727A2B8AD47D00E410A2 /* Debug */ = {
			isa = XCBuildConfiguration;
			buildSettings = {
				ALWAYS_SEARCH_USER_PATHS = NO;
				ASSETCATALOG_COMPILER_GENERATE_SWIFT_ASSET_SYMBOL_EXTENSIONS = YES;
				CLANG_ANALYZER_NONNULL = YES;
				CLANG_ANALYZER_NUMBER_OBJECT_CONVERSION = YES_AGGRESSIVE;
				CLANG_CXX_LANGUAGE_STANDARD = "gnu++20";
				CLANG_ENABLE_MODULES = YES;
				CLANG_ENABLE_OBJC_ARC = YES;
				CLANG_ENABLE_OBJC_WEAK = YES;
				CLANG_WARN_BLOCK_CAPTURE_AUTORELEASING = YES;
				CLANG_WARN_BOOL_CONVERSION = YES;
				CLANG_WARN_COMMA = YES;
				CLANG_WARN_CONSTANT_CONVERSION = YES;
				CLANG_WARN_DEPRECATED_OBJC_IMPLEMENTATIONS = YES;
				CLANG_WARN_DIRECT_OBJC_ISA_USAGE = YES_ERROR;
				CLANG_WARN_DOCUMENTATION_COMMENTS = YES;
				CLANG_WARN_EMPTY_BODY = YES;
				CLANG_WARN_ENUM_CONVERSION = YES;
				CLANG_WARN_INFINITE_RECURSION = YES;
				CLANG_WARN_INT_CONVERSION = YES;
				CLANG_WARN_NON_LITERAL_NULL_CONVERSION = YES;
				CLANG_WARN_OBJC_IMPLICIT_RETAIN_SELF = YES;
				CLANG_WARN_OBJC_LITERAL_CONVERSION = YES;
				CLANG_WARN_OBJC_ROOT_CLASS = YES_ERROR;
				CLANG_WARN_QUOTED_INCLUDE_IN_FRAMEWORK_HEADER = YES;
				CLANG_WARN_RANGE_LOOP_ANALYSIS = YES;
				CLANG_WARN_STRICT_PROTOTYPES = YES;
				CLANG_WARN_SUSPICIOUS_MOVE = YES;
				CLANG_WARN_UNGUARDED_AVAILABILITY = YES_AGGRESSIVE;
				CLANG_WARN_UNREACHABLE_CODE = YES;
				CLANG_WARN__DUPLICATE_METHOD_MATCH = YES;
				COPY_PHASE_STRIP = NO;
				DEBUG_INFORMATION_FORMAT = dwarf;
				ENABLE_STRICT_OBJC_MSGSEND = YES;
				ENABLE_TESTABILITY = YES;
				ENABLE_USER_SCRIPT_SANDBOXING = YES;
				GCC_C_LANGUAGE_STANDARD = gnu17;
				GCC_DYNAMIC_NO_PIC = NO;
				GCC_NO_COMMON_BLOCKS = YES;
				GCC_OPTIMIZATION_LEVEL = 0;
				GCC_PREPROCESSOR_DEFINITIONS = (
					"DEBUG=1",
					"$(inherited)",
				);
				GCC_WARN_64_TO_32_BIT_CONVERSION = YES;
				GCC_WARN_ABOUT_RETURN_TYPE = YES_ERROR;
				GCC_WARN_UNDECLARED_SELECTOR = YES;
				GCC_WARN_UNINITIALIZED_AUTOS = YES_AGGRESSIVE;
				GCC_WARN_UNUSED_FUNCTION = YES;
				GCC_WARN_UNUSED_VARIABLE = YES;
				IPHONEOS_DEPLOYMENT_TARGET = 17.2;
				LOCALIZATION_PREFERS_STRING_CATALOGS = YES;
				MTL_ENABLE_DEBUG_INFO = INCLUDE_SOURCE;
				MTL_FAST_MATH = YES;
				ONLY_ACTIVE_ARCH = YES;
				SDKROOT = iphoneos;
				SWIFT_ACTIVE_COMPILATION_CONDITIONS = "DEBUG $(inherited)";
				SWIFT_OPTIMIZATION_LEVEL = "-Onone";
			};
			name = Debug;
		};
		77DB727B2B8AD47D00E410A2 /* Release */ = {
			isa = XCBuildConfiguration;
			buildSettings = {
				ALWAYS_SEARCH_USER_PATHS = NO;
				ASSETCATALOG_COMPILER_GENERATE_SWIFT_ASSET_SYMBOL_EXTENSIONS = YES;
				CLANG_ANALYZER_NONNULL = YES;
				CLANG_ANALYZER_NUMBER_OBJECT_CONVERSION = YES_AGGRESSIVE;
				CLANG_CXX_LANGUAGE_STANDARD = "gnu++20";
				CLANG_ENABLE_MODULES = YES;
				CLANG_ENABLE_OBJC_ARC = YES;
				CLANG_ENABLE_OBJC_WEAK = YES;
				CLANG_WARN_BLOCK_CAPTURE_AUTORELEASING = YES;
				CLANG_WARN_BOOL_CONVERSION = YES;
				CLANG_WARN_COMMA = YES;
				CLANG_WARN_CONSTANT_CONVERSION = YES;
				CLANG_WARN_DEPRECATED_OBJC_IMPLEMENTATIONS = YES;
				CLANG_WARN_DIRECT_OBJC_ISA_USAGE = YES_ERROR;
				CLANG_WARN_DOCUMENTATION_COMMENTS = YES;
				CLANG_WARN_EMPTY_BODY = YES;
				CLANG_WARN_ENUM_CONVERSION = YES;
				CLANG_WARN_INFINITE_RECURSION = YES;
				CLANG_WARN_INT_CONVERSION = YES;
				CLANG_WARN_NON_LITERAL_NULL_CONVERSION = YES;
				CLANG_WARN_OBJC_IMPLICIT_RETAIN_SELF = YES;
				CLANG_WARN_OBJC_LITERAL_CONVERSION = YES;
				CLANG_WARN_OBJC_ROOT_CLASS = YES_ERROR;
				CLANG_WARN_QUOTED_INCLUDE_IN_FRAMEWORK_HEADER = YES;
				CLANG_WARN_RANGE_LOOP_ANALYSIS = YES;
				CLANG_WARN_STRICT_PROTOTYPES = YES;
				CLANG_WARN_SUSPICIOUS_MOVE = YES;
				CLANG_WARN_UNGUARDED_AVAILABILITY = YES_AGGRESSIVE;
				CLANG_WARN_UNREACHABLE_CODE = YES;
				CLANG_WARN__DUPLICATE_METHOD_MATCH = YES;
				COPY_PHASE_STRIP = NO;
				DEBUG_INFORMATION_FORMAT = "dwarf-with-dsym";
				ENABLE_NS_ASSERTIONS = NO;
				ENABLE_STRICT_OBJC_MSGSEND = YES;
				ENABLE_USER_SCRIPT_SANDBOXING = YES;
				GCC_C_LANGUAGE_STANDARD = gnu17;
				GCC_NO_COMMON_BLOCKS = YES;
				GCC_WARN_64_TO_32_BIT_CONVERSION = YES;
				GCC_WARN_ABOUT_RETURN_TYPE = YES_ERROR;
				GCC_WARN_UNDECLARED_SELECTOR = YES;
				GCC_WARN_UNINITIALIZED_AUTOS = YES_AGGRESSIVE;
				GCC_WARN_UNUSED_FUNCTION = YES;
				GCC_WARN_UNUSED_VARIABLE = YES;
				IPHONEOS_DEPLOYMENT_TARGET = 17.2;
				LOCALIZATION_PREFERS_STRING_CATALOGS = YES;
				MTL_ENABLE_DEBUG_INFO = NO;
				MTL_FAST_MATH = YES;
				SDKROOT = iphoneos;
				SWIFT_COMPILATION_MODE = wholemodule;
				VALIDATE_PRODUCT = YES;
			};
			name = Release;
		};
		77DB727D2B8AD47D00E410A2 /* Debug */ = {
			isa = XCBuildConfiguration;
			buildSettings = {
				ALLOW_TARGET_PLATFORM_SPECIALIZATION = YES;
				ASSETCATALOG_COMPILER_APPICON_NAME = AppIcon;
				ASSETCATALOG_COMPILER_GLOBAL_ACCENT_COLOR_NAME = AccentColor;
				CODE_SIGN_STYLE = Automatic;
				CURRENT_PROJECT_VERSION = 1;
				DEVELOPMENT_TEAM = 52P6SF79ST;
				GENERATE_INFOPLIST_FILE = YES;
				INFOPLIST_FILE = "Dragon Guardian/Info.plist";
				INFOPLIST_KEY_LSApplicationCategoryType = "public.app-category.adventure-games";
				INFOPLIST_KEY_UIApplicationSupportsIndirectInputEvents = YES;
				INFOPLIST_KEY_UILaunchStoryboardName = LaunchScreen;
				INFOPLIST_KEY_UIMainStoryboardFile = Main;
				INFOPLIST_KEY_UISupportedInterfaceOrientations = "UIInterfaceOrientationLandscapeLeft UIInterfaceOrientationLandscapeRight UIInterfaceOrientationPortrait";
				INFOPLIST_KEY_UISupportedInterfaceOrientations_iPad = "UIInterfaceOrientationLandscapeLeft UIInterfaceOrientationLandscapeRight";
				LD_RUNPATH_SEARCH_PATHS = (
					"$(inherited)",
					"@executable_path/Frameworks",
				);
				MARKETING_VERSION = 0.1;
				PRODUCT_BUNDLE_IDENTIFIER = "com.DanielB.Dragon-Guardian";
				PRODUCT_NAME = "$(TARGET_NAME)";
				SUPPORTED_PLATFORMS = "xrsimulator xros watchsimulator watchos macosx iphonesimulator iphoneos driverkit appletvsimulator appletvos";
				SUPPORTS_MACCATALYST = YES;
				SWIFT_EMIT_LOC_STRINGS = YES;
				SWIFT_VERSION = 5.0;
				TARGETED_DEVICE_FAMILY = 2;
			};
			name = Debug;
		};
		77DB727E2B8AD47D00E410A2 /* Release */ = {
			isa = XCBuildConfiguration;
			buildSettings = {
				ALLOW_TARGET_PLATFORM_SPECIALIZATION = YES;
				ASSETCATALOG_COMPILER_APPICON_NAME = AppIcon;
				ASSETCATALOG_COMPILER_GLOBAL_ACCENT_COLOR_NAME = AccentColor;
				CODE_SIGN_STYLE = Automatic;
				CURRENT_PROJECT_VERSION = 1;
				DEVELOPMENT_TEAM = 52P6SF79ST;
				GENERATE_INFOPLIST_FILE = YES;
				INFOPLIST_FILE = "Dragon Guardian/Info.plist";
				INFOPLIST_KEY_LSApplicationCategoryType = "public.app-category.adventure-games";
				INFOPLIST_KEY_UIApplicationSupportsIndirectInputEvents = YES;
				INFOPLIST_KEY_UILaunchStoryboardName = LaunchScreen;
				INFOPLIST_KEY_UIMainStoryboardFile = Main;
				INFOPLIST_KEY_UISupportedInterfaceOrientations = "UIInterfaceOrientationLandscapeLeft UIInterfaceOrientationLandscapeRight UIInterfaceOrientationPortrait";
				INFOPLIST_KEY_UISupportedInterfaceOrientations_iPad = "UIInterfaceOrientationLandscapeLeft UIInterfaceOrientationLandscapeRight";
				LD_RUNPATH_SEARCH_PATHS = (
					"$(inherited)",
					"@executable_path/Frameworks",
				);
				MARKETING_VERSION = 0.1;
				PRODUCT_BUNDLE_IDENTIFIER = "com.DanielB.Dragon-Guardian";
				PRODUCT_NAME = "$(TARGET_NAME)";
				SUPPORTED_PLATFORMS = "xrsimulator xros watchsimulator watchos macosx iphonesimulator iphoneos driverkit appletvsimulator appletvos";
				SUPPORTS_MACCATALYST = YES;
				SWIFT_EMIT_LOC_STRINGS = YES;
				SWIFT_VERSION = 5.0;
				TARGETED_DEVICE_FAMILY = 2;
			};
			name = Release;
		};
/* End XCBuildConfiguration section */

/* Begin XCConfigurationList section */
		77DB72632B8AD47C00E410A2 /* Build configuration list for PBXProject "Dragon Guardian" */ = {
			isa = XCConfigurationList;
			buildConfigurations = (
				77DB727A2B8AD47D00E410A2 /* Debug */,
				77DB727B2B8AD47D00E410A2 /* Release */,
			);
			defaultConfigurationIsVisible = 0;
			defaultConfigurationName = Release;
		};
		77DB727C2B8AD47D00E410A2 /* Build configuration list for PBXNativeTarget "Dragon Guardian" */ = {
			isa = XCConfigurationList;
			buildConfigurations = (
				77DB727D2B8AD47D00E410A2 /* Debug */,
				77DB727E2B8AD47D00E410A2 /* Release */,
			);
			defaultConfigurationIsVisible = 0;
			defaultConfigurationName = Release;
		};
/* End XCConfigurationList section */
	};
	rootObject = 77DB72602B8AD47C00E410A2 /* Project object */;
}
